// !$*UTF8*$!
{
	archiveVersion = 1;
	classes = {
	};
	objectVersion = 46;
	objects = {

/* Begin PBXBuildFile section */
		4B2E19D11E9D78A700D35F94 /* AppDelegate.swift in Sources */ = {isa = PBXBuildFile; fileRef = 4B2E19D01E9D78A700D35F94 /* AppDelegate.swift */; };
		4B2E19D61E9D78A800D35F94 /* Main.storyboard in Resources */ = {isa = PBXBuildFile; fileRef = 4B2E19D41E9D78A800D35F94 /* Main.storyboard */; };
		4B2E19D81E9D78A800D35F94 /* Assets.xcassets in Resources */ = {isa = PBXBuildFile; fileRef = 4B2E19D71E9D78A800D35F94 /* Assets.xcassets */; };
		4B2E19DB1E9D78A800D35F94 /* LaunchScreen.storyboard in Resources */ = {isa = PBXBuildFile; fileRef = 4B2E19D91E9D78A800D35F94 /* LaunchScreen.storyboard */; };
		4B2E19E31E9D83F400D35F94 /* FavoritesList.swift in Sources */ = {isa = PBXBuildFile; fileRef = 4B2E19E21E9D83F400D35F94 /* FavoritesList.swift */; };
		4B2E19E51E9E029E00D35F94 /* RootViewController.swift in Sources */ = {isa = PBXBuildFile; fileRef = 4B2E19E41E9E029E00D35F94 /* RootViewController.swift */; };
		4B2E19E71E9E114700D35F94 /* FontListViewController.swift in Sources */ = {isa = PBXBuildFile; fileRef = 4B2E19E61E9E114700D35F94 /* FontListViewController.swift */; };
/* End PBXBuildFile section */

/* Begin PBXFileReference section */
		4B2E19CD1E9D78A700D35F94 /* Fonts.app */ = {isa = PBXFileReference; explicitFileType = wrapper.application; includeInIndex = 0; path = Fonts.app; sourceTree = BUILT_PRODUCTS_DIR; };
		4B2E19D01E9D78A700D35F94 /* AppDelegate.swift */ = {isa = PBXFileReference; lastKnownFileType = sourcecode.swift; path = AppDelegate.swift; sourceTree = "<group>"; };
		4B2E19D51E9D78A800D35F94 /* Base */ = {isa = PBXFileReference; lastKnownFileType = file.storyboard; name = Base; path = Base.lproj/Main.storyboard; sourceTree = "<group>"; };
		4B2E19D71E9D78A800D35F94 /* Assets.xcassets */ = {isa = PBXFileReference; lastKnownFileType = folder.assetcatalog; path = Assets.xcassets; sourceTree = "<group>"; };
		4B2E19DA1E9D78A800D35F94 /* Base */ = {isa = PBXFileReference; lastKnownFileType = file.storyboard; name = Base; path = Base.lproj/LaunchScreen.storyboard; sourceTree = "<group>"; };
		4B2E19DC1E9D78A800D35F94 /* Info.plist */ = {isa = PBXFileReference; lastKnownFileType = text.plist.xml; path = Info.plist; sourceTree = "<group>"; };
		4B2E19E21E9D83F400D35F94 /* FavoritesList.swift */ = {isa = PBXFileReference; fileEncoding = 4; lastKnownFileType = sourcecode.swift; path = FavoritesList.swift; sourceTree = "<group>"; };
		4B2E19E41E9E029E00D35F94 /* RootViewController.swift */ = {isa = PBXFileReference; fileEncoding = 4; lastKnownFileType = sourcecode.swift; path = RootViewController.swift; sourceTree = "<group>"; };
		4B2E19E61E9E114700D35F94 /* FontListViewController.swift */ = {isa = PBXFileReference; fileEncoding = 4; lastKnownFileType = sourcecode.swift; path = FontListViewController.swift; sourceTree = "<group>"; };
/* End PBXFileReference section */

/* Begin PBXFrameworksBuildPhase section */
		4B2E19CA1E9D78A700D35F94 /* Frameworks */ = {
			isa = PBXFrameworksBuildPhase;
			buildActionMask = 2147483647;
			files = (
			);
			runOnlyForDeploymentPostprocessing = 0;
		};
/* End PBXFrameworksBuildPhase section */

/* Begin PBXGroup section */
		4B2E19C41E9D78A700D35F94 = {
			isa = PBXGroup;
			children = (
				4B2E19CF1E9D78A700D35F94 /* Fonts */,
				4B2E19CE1E9D78A700D35F94 /* Products */,
			);
			sourceTree = "<group>";
		};
		4B2E19CE1E9D78A700D35F94 /* Products */ = {
			isa = PBXGroup;
			children = (
				4B2E19CD1E9D78A700D35F94 /* Fonts.app */,
			);
			name = Products;
			sourceTree = "<group>";
		};
		4B2E19CF1E9D78A700D35F94 /* Fonts */ = {
			isa = PBXGroup;
			children = (
				4B2E19D01E9D78A700D35F94 /* AppDelegate.swift */,
				4B2E19D41E9D78A800D35F94 /* Main.storyboard */,
				4B2E19D71E9D78A800D35F94 /* Assets.xcassets */,
				4B2E19D91E9D78A800D35F94 /* LaunchScreen.storyboard */,
				4B2E19DC1E9D78A800D35F94 /* Info.plist */,
				4B2E19E21E9D83F400D35F94 /* FavoritesList.swift */,
				4B2E19E41E9E029E00D35F94 /* RootViewController.swift */,
				4B2E19E61E9E114700D35F94 /* FontListViewController.swift */,
			);
			path = Fonts;
			sourceTree = "<group>";
		};
/* End PBXGroup section */

/* Begin PBXNativeTarget section */
		4B2E19CC1E9D78A700D35F94 /* Fonts */ = {
			isa = PBXNativeTarget;
			buildConfigurationList = 4B2E19DF1E9D78A800D35F94 /* Build configuration list for PBXNativeTarget "Fonts" */;
			buildPhases = (
				4B2E19C91E9D78A700D35F94 /* Sources */,
				4B2E19CA1E9D78A700D35F94 /* Frameworks */,
				4B2E19CB1E9D78A700D35F94 /* Resources */,
			);
			buildRules = (
			);
			dependencies = (
			);
			name = Fonts;
			productName = Fonts;
			productReference = 4B2E19CD1E9D78A700D35F94 /* Fonts.app */;
			productType = "com.apple.product-type.application";
		};
/* End PBXNativeTarget section */

/* Begin PBXProject section */
		4B2E19C51E9D78A700D35F94 /* Project object */ = {
			isa = PBXProject;
			attributes = {
				LastSwiftUpdateCheck = 0830;
				LastUpgradeCheck = 0830;
				ORGANIZATIONNAME = PaulHeintz;
				TargetAttributes = {
					4B2E19CC1E9D78A700D35F94 = {
						CreatedOnToolsVersion = 8.3;
						DevelopmentTeam = PTXX5L4H93;
						ProvisioningStyle = Automatic;
					};
				};
			};
			buildConfigurationList = 4B2E19C81E9D78A700D35F94 /* Build configuration list for PBXProject "Fonts" */;
			compatibilityVersion = "Xcode 3.2";
			developmentRegion = English;
			hasScannedForEncodings = 0;
			knownRegions = (
				en,
				Base,
			);
			mainGroup = 4B2E19C41E9D78A700D35F94;
			productRefGroup = 4B2E19CE1E9D78A700D35F94 /* Products */;
			projectDirPath = "";
			projectRoot = "";
			targets = (
				4B2E19CC1E9D78A700D35F94 /* Fonts */,
			);
		};
/* End PBXProject section */

/* Begin PBXResourcesBuildPhase section */
		4B2E19CB1E9D78A700D35F94 /* Resources */ = {
			isa = PBXResourcesBuildPhase;
			buildActionMask = 2147483647;
			files = (
				4B2E19DB1E9D78A800D35F94 /* LaunchScreen.storyboard in Resources */,
				4B2E19D81E9D78A800D35F94 /* Assets.xcassets in Resources */,
				4B2E19D61E9D78A800D35F94 /* Main.storyboard in Resources */,
			);
			runOnlyForDeploymentPostprocessing = 0;
		};
/* End PBXResourcesBuildPhase section */

/* Begin PBXSourcesBuildPhase section */
		4B2E19C91E9D78A700D35F94 /* Sources */ = {
			isa = PBXSourcesBuildPhase;
			buildActionMask = 2147483647;
			files = (
				4B2E19D11E9D78A700D35F94 /* AppDelegate.swift in Sources */,
				4B2E19E71E9E114700D35F94 /* FontListViewController.swift in Sources */,
				4B2E19E31E9D83F400D35F94 /* FavoritesList.swift in Sources */,
				4B2E19E51E9E029E00D35F94 /* RootViewController.swift in Sources */,
			);
			runOnlyForDeploymentPostprocessing = 0;
		};
/* End PBXSourcesBuildPhase section */

/* Begin PBXVariantGroup section */
		4B2E19D41E9D78A800D35F94 /* Main.storyboard */ = {
			isa = PBXVariantGroup;
			children = (
				4B2E19D51E9D78A800D35F94 /* Base */,
			);
			name = Main.storyboard;
			sourceTree = "<group>";
		};
		4B2E19D91E9D78A800D35F94 /* LaunchScreen.storyboard */ = {
			isa = PBXVariantGroup;
			children = (
				4B2E19DA1E9D78A800D35F94 /* Base */,
			);
			name = LaunchScreen.storyboard;
			sourceTree = "<group>";
		};
/* End PBXVariantGroup section */

/* Begin XCBuildConfiguration section */
		4B2E19DD1E9D78A800D35F94 /* Debug */ = {
			isa = XCBuildConfiguration;
			buildSettings = {
				ALWAYS_SEARCH_USER_PATHS = NO;
				CLANG_ANALYZER_NONNULL = YES;
				CLANG_ANALYZER_NUMBER_OBJECT_CONVERSION = YES_AGGRESSIVE;
				CLANG_CXX_LANGUAGE_STANDARD = "gnu++0x";
				CLANG_CXX_LIBRARY = "libc++";
				CLANG_ENABLE_MODULES = YES;
				CLANG_ENABLE_OBJC_ARC = YES;
				CLANG_WARN_BOOL_CONVERSION = YES;
				CLANG_WARN_CONSTANT_CONVERSION = YES;
				CLANG_WARN_DIRECT_OBJC_ISA_USAGE = YES_ERROR;
				CLANG_WARN_DOCUMENTATION_COMMENTS = YES;
				CLANG_WARN_EMPTY_BODY = YES;
				CLANG_WARN_ENUM_CONVERSION = YES;
				CLANG_WARN_INFINITE_RECURSION = YES;
				CLANG_WARN_INT_CONVERSION = YES;
				CLANG_WARN_OBJC_ROOT_CLASS = YES_ERROR;
				CLANG_WARN_SUSPICIOUS_MOVE = YES;
				CLANG_WARN_UNREACHABLE_CODE = YES;
				CLANG_WARN__DUPLICATE_METHOD_MATCH = YES;
				"CODE_SIGN_IDENTITY[sdk=iphoneos*]" = "iPhone Developer";
				COPY_PHASE_STRIP = NO;
				DEBUG_INFORMATION_FORMAT = dwarf;
				ENABLE_STRICT_OBJC_MSGSEND = YES;
				ENABLE_TESTABILITY = YES;
				GCC_C_LANGUAGE_STANDARD = gnu99;
				GCC_DYNAMIC_NO_PIC = NO;
				GCC_NO_COMMON_BLOCKS = YES;
				GCC_OPTIMIZATION_LEVEL = 0;
				GCC_PREPROCESSOR_DEFINITIONS = (
					"DEBUG=1",
					"$(inherited)",
				);
				GCC_WARN_64_TO_32_BIT_CONVERSION = YES;
				GCC_WARN_ABOUT_RETURN_TYPE = YES_ERROR;
				GCC_WARN_UNDECLARED_SELECTOR = YES;
				GCC_WARN_UNINITIALIZED_AUTOS = YES_AGGRESSIVE;
				GCC_WARN_UNUSED_FUNCTION = YES;
				GCC_WARN_UNUSED_VARIABLE = YES;
				IPHONEOS_DEPLOYMENT_TARGET = 10.3;
				MTL_ENABLE_DEBUG_INFO = YES;
				ONLY_ACTIVE_ARCH = YES;
				SDKROOT = iphoneos;
				SWIFT_ACTIVE_COMPILATION_CONDITIONS = DEBUG;
				SWIFT_OPTIMIZATION_LEVEL = "-Onone";
				TARGETED_DEVICE_FAMILY = "1,2";
			};
			name = Debug;
		};
		4B2E19DE1E9D78A800D35F94 /* Release */ = {
			isa = XCBuildConfiguration;
			buildSettings = {
				ALWAYS_SEARCH_USER_PATHS = NO;
				CLANG_ANALYZER_NONNULL = YES;
				CLANG_ANALYZER_NUMBER_OBJECT_CONVERSION = YES_AGGRESSIVE;
				CLANG_CXX_LANGUAGE_STANDARD = "gnu++0x";
				CLANG_CXX_LIBRARY = "libc++";
				CLANG_ENABLE_MODULES = YES;
				CLANG_ENABLE_OBJC_ARC = YES;
				CLANG_WARN_BOOL_CONVERSION = YES;
				CLANG_WARN_CONSTANT_CONVERSION = YES;
				CLANG_WARN_DIRECT_OBJC_ISA_USAGE = YES_ERROR;
				CLANG_WARN_DOCUMENTATION_COMMENTS = YES;
				CLANG_WARN_EMPTY_BODY = YES;
				CLANG_WARN_ENUM_CONVERSION = YES;
				CLANG_WARN_INFINITE_RECURSION = YES;
				CLANG_WARN_INT_CONVERSION = YES;
				CLANG_WARN_OBJC_ROOT_CLASS = YES_ERROR;
				CLANG_WARN_SUSPICIOUS_MOVE = YES;
				CLANG_WARN_UNREACHABLE_CODE = YES;
				CLANG_WARN__DUPLICATE_METHOD_MATCH = YES;
				"CODE_SIGN_IDENTITY[sdk=iphoneos*]" = "iPhone Developer";
				COPY_PHASE_STRIP = NO;
				DEBUG_INFORMATION_FORMAT = "dwarf-with-dsym";
				ENABLE_NS_ASSERTIONS = NO;
				ENABLE_STRICT_OBJC_MSGSEND = YES;
				GCC_C_LANGUAGE_STANDARD = gnu99;
				GCC_NO_COMMON_BLOCKS = YES;
				GCC_WARN_64_TO_32_BIT_CONVERSION = YES;
				GCC_WARN_ABOUT_RETURN_TYPE = YES_ERROR;
				GCC_WARN_UNDECLARED_SELECTOR = YES;
				GCC_WARN_UNINITIALIZED_AUTOS = YES_AGGRESSIVE;
				GCC_WARN_UNUSED_FUNCTION = YES;
				GCC_WARN_UNUSED_VARIABLE = YES;
				IPHONEOS_DEPLOYMENT_TARGET = 10.3;
				MTL_ENABLE_DEBUG_INFO = NO;
				SDKROOT = iphoneos;
				SWIFT_OPTIMIZATION_LEVEL = "-Owholemodule";
				TARGETED_DEVICE_FAMILY = "1,2";
				VALIDATE_PRODUCT = YES;
			};
			name = Release;
		};
		4B2E19E01E9D78A800D35F94 /* Debug */ = {
			isa = XCBuildConfiguration;
			buildSettings = {
				ASSETCATALOG_COMPILER_APPICON_NAME = AppIcon;
				DEVELOPMENT_TEAM = PTXX5L4H93;
				INFOPLIST_FILE = Fonts/Info.plist;
				LD_RUNPATH_SEARCH_PATHS = "$(inherited) @executable_path/Frameworks";
				PRODUCT_BUNDLE_IDENTIFIER = net.paulheintz.Fonts;
				PRODUCT_NAME = "$(TARGET_NAME)";
				SWIFT_VERSION = 3.0;
			};
			name = Debug;
		};
		4B2E19E11E9D78A800D35F94 /* Release */ = {
			isa = XCBuildConfiguration;
			buildSettings = {
				ASSETCATALOG_COMPILER_APPICON_NAME = AppIcon;
				DEVELOPMENT_TEAM = PTXX5L4H93;
				INFOPLIST_FILE = Fonts/Info.plist;
				LD_RUNPATH_SEARCH_PATHS = "$(inherited) @executable_path/Frameworks";
				PRODUCT_BUNDLE_IDENTIFIER = net.paulheintz.Fonts;
				PRODUCT_NAME = "$(TARGET_NAME)";
				SWIFT_VERSION = 3.0;
			};
			name = Release;
		};
/* End XCBuildConfiguration section */

/* Begin XCConfigurationList section */
		4B2E19C81E9D78A700D35F94 /* Build configuration list for PBXProject "Fonts" */ = {
			isa = XCConfigurationList;
			buildConfigurations = (
				4B2E19DD1E9D78A800D35F94 /* Debug */,
				4B2E19DE1E9D78A800D35F94 /* Release */,
			);
			defaultConfigurationIsVisible = 0;
			defaultConfigurationName = Release;
		};
		4B2E19DF1E9D78A800D35F94 /* Build configuration list for PBXNativeTarget "Fonts" */ = {
			isa = XCConfigurationList;
			buildConfigurations = (
				4B2E19E01E9D78A800D35F94 /* Debug */,
				4B2E19E11E9D78A800D35F94 /* Release */,
			);
			defaultConfigurationIsVisible = 0;
		};
/* End XCConfigurationList section */
	};
	rootObject = 4B2E19C51E9D78A700D35F94 /* Project object */;
}
